
Microsoft Visual Studio Solution File, Format Version 12.00
# Visual Studio 15
Project("{FAE04EC0-301F-11D3-BF4B-00C04F79EFBC}") = "Unity.Timeline", "Unity.Timeline.csproj", "{EF676C6E-D1A9-F6D7-3B77-A91051241EA8}"
EndProject
Project("{FAE04EC0-301F-11D3-BF4B-00C04F79EFBC}") = "Unity.Timeline.Editor", "Unity.Timeline.Editor.csproj", "{D53A8346-AB53-94CF-EF65-28A0684DF2A6}"
EndProject
Project("{FAE04EC0-301F-11D3-BF4B-00C04F79EFBC}") = "Unity.2D.Tilemap.Editor", "Unity.2D.Tilemap.Editor.csproj", "{BDC59441-7084-936A-EB40-3C6C9D9AF66C}"
EndProject
Project("{FAE04EC0-301F-11D3-BF4B-00C04F79EFBC}") = "Unity.TextMeshPro.Editor", "Unity.TextMeshPro.Editor.csproj", "{2A4E04B6-8667-74D9-93DA-138F2517FF63}"
EndProject
Project("{FAE04EC0-301F-11D3-BF4B-00C04F79EFBC}") = "Unity.2D.Aseprite.Editor", "Unity.2D.Aseprite.Editor.csproj", "{3EB75D14-2600-D5B6-A059-6C9A2B4B534A}"
EndProject
Project("{FAE04EC0-301F-11D3-BF4B-00C04F79EFBC}") = "Unity.VisualScripting.Flow", "Unity.VisualScripting.Flow.csproj", "{533513CB-BFCF-2738-A479-969F1F902AAF}"
EndProject
Project("{FAE04EC0-301F-11D3-BF4B-00C04F79EFBC}") = "UnityEditor.UI", "UnityEditor.UI.csproj", "{9FCB5BB8-8B51-F60A-E7E5-1FC112B10C38}"
EndProject
Project("{FAE04EC0-301F-11D3-BF4B-00C04F79EFBC}") = "Unity.PlasticSCM.Editor", "Unity.PlasticSCM.Editor.csproj", "{4A88BBD8-0F09-6DF6-4A4B-3C07BABC9E2B}"
EndProject
Project("{FAE04EC0-301F-11D3-BF4B-00C04F79EFBC}") = "Unity.2D.Psdimporter.Editor", "Unity.2D.Psdimporter.Editor.csproj", "{68F7CEDA-90AC-D129-66D8-E7CE3C0817FD}"
EndProject
Project("{FAE04EC0-301F-11D3-BF4B-00C04F79EFBC}") = "Unity.VisualScripting.Core", "Unity.VisualScripting.Core.csproj", "{C50AA992-3F01-9385-107B-9BD99DB6C8ED}"
EndProject
Project("{FAE04EC0-301F-11D3-BF4B-00C04F79EFBC}") = "Unity.Mathematics", "Unity.Mathematics.csproj", "{117B8F0C-F090-EF81-9207-41EE7D00CEF5}"
EndProject
Project("{FAE04EC0-301F-11D3-BF4B-00C04F79EFBC}") = "Unity.2D.Animation.Editor", "Unity.2D.Animation.Editor.csproj", "{4F7ED1E3-648E-05EB-69BE-8468DCD18D6E}"
EndProject
Project("{FAE04EC0-301F-11D3-BF4B-00C04F79EFBC}") = "Unity.2D.Common.Path.Editor", "Unity.2D.Common.Path.Editor.csproj", "{14EDC07A-2F6C-1309-6C1D-5839301D7124}"
EndProject
Project("{FAE04EC0-301F-11D3-BF4B-00C04F79EFBC}") = "Unity.VisualScripting.Core.Editor", "Unity.VisualScripting.Core.Editor.csproj", "{CAD3541D-4BAC-2AE6-5065-308E3CA86984}"
EndProject
Project("{FAE04EC0-301F-11D3-BF4B-00C04F79EFBC}") = "Unity.2D.IK.Runtime", "Unity.2D.IK.Runtime.csproj", "{0F89DC4D-920E-F370-21C4-0E09043A66FA}"
EndProject
Project("{FAE04EC0-301F-11D3-BF4B-00C04F79EFBC}") = "Unity.VisualScripting.Flow.Editor", "Unity.VisualScripting.Flow.Editor.csproj", "{6BC5EF98-CC5E-89E7-94F0-257ABF933839}"
EndProject
Project("{FAE04EC0-301F-11D3-BF4B-00C04F79EFBC}") = "UnityEditor.TestRunner", "UnityEditor.TestRunner.csproj", "{FB9AE9E5-A770-45B9-86C2-FDB9C6DE151E}"
EndProject
Project("{FAE04EC0-301F-11D3-BF4B-00C04F79EFBC}") = "Unity.VisualScripting.SettingsProvider.Editor", "Unity.VisualScripting.SettingsProvider.Editor.csproj", "{A1D54478-E7E1-9C8D-558B-EBF19E5E3EBA}"
EndProject
Project("{FAE04EC0-301F-11D3-BF4B-00C04F79EFBC}") = "UnityEngine.TestRunner", "UnityEngine.TestRunner.csproj", "{9C11D4C5-5E73-3186-1686-374332F8EFB3}"
EndProject
Project("{FAE04EC0-301F-11D3-BF4B-00C04F79EFBC}") = "PsdPlugin", "PsdPlugin.csproj", "{73038A24-79CB-08CF-2C1F-93FEDACE7C05}"
EndProject
Project("{FAE04EC0-301F-11D3-BF4B-00C04F79EFBC}") = "Unity.Burst", "Unity.Burst.csproj", "{FBEE9683-568F-9725-7E03-F20E9E7ACCAE}"
EndProject
Project("{FAE04EC0-301F-11D3-BF4B-00C04F79EFBC}") = "Assembly-CSharp", "Assembly-CSharp.csproj", "{45FDCF58-4424-3AD4-FF6C-29791B7FB04D}"
EndProject
Project("{FAE04EC0-301F-11D3-BF4B-00C04F79EFBC}") = "UnityEngine.UI", "UnityEngine.UI.csproj", "{BFCF44DD-7D48-197F-7476-4820EDA04910}"
EndProject
Project("{FAE04EC0-301F-11D3-BF4B-00C04F79EFBC}") = "Unity.2D.SpriteShape.Editor", "Unity.2D.SpriteShape.Editor.csproj", "{F72DB822-8338-11CE-12A8-2380118DBA3D}"
EndProject
Project("{FAE04EC0-301F-11D3-BF4B-00C04F79EFBC}") = "Unity.Collections", "Unity.Collections.csproj", "{78D61BD7-7BE9-5BC8-17C7-2945FD010920}"
EndProject
Project("{FAE04EC0-301F-11D3-BF4B-00C04F79EFBC}") = "Unity.VisualStudio.Editor", "Unity.VisualStudio.Editor.csproj", "{88EE5489-7392-7369-EEB8-D4A5A142BE39}"
EndProject
Project("{FAE04EC0-301F-11D3-BF4B-00C04F79EFBC}") = "Unity.2D.Tilemap.Extras.Editor", "Unity.2D.Tilemap.Extras.Editor.csproj", "{12A311F6-A7DE-5F34-BB85-8AAEA07007DA}"
EndProject
Project("{FAE04EC0-301F-11D3-BF4B-00C04F79EFBC}") = "Unity.Rider.Editor", "Unity.Rider.Editor.csproj", "{6F83C1ED-F40A-8641-1A7F-85B97A5E38D3}"
EndProject
Project("{FAE04EC0-301F-11D3-BF4B-00C04F79EFBC}") = "Unity.InternalAPIEditorBridge.001", "Unity.InternalAPIEditorBridge.001.csproj", "{500E3596-7CEF-11C9-E5B0-0A7F383EEA69}"
EndProject
Project("{FAE04EC0-301F-11D3-BF4B-00C04F79EFBC}") = "Unity.2D.SpriteShape.Runtime", "Unity.2D.SpriteShape.Runtime.csproj", "{A8D94F6B-5EF5-F01E-239B-5A6AFE63F666}"
EndProject
Project("{FAE04EC0-301F-11D3-BF4B-00C04F79EFBC}") = "Unity.VisualScripting.State.Editor", "Unity.VisualScripting.State.Editor.csproj", "{353C7370-6B0D-AFFF-FC03-774654041CB6}"
EndProject
Project("{FAE04EC0-301F-11D3-BF4B-00C04F79EFBC}") = "Unity.2D.Animation.Runtime", "Unity.2D.Animation.Runtime.csproj", "{CED24B3E-07FA-6CC1-5635-AFA0CAFB99C5}"
EndProject
Project("{FAE04EC0-301F-11D3-BF4B-00C04F79EFBC}") = "Unity.InternalAPIEngineBridge.003", "Unity.InternalAPIEngineBridge.003.csproj", "{A4176762-61C9-6D91-1285-263A5BDA2A80}"
EndProject
Project("{FAE04EC0-301F-11D3-BF4B-00C04F79EFBC}") = "Unity.Burst.CodeGen", "Unity.Burst.CodeGen.csproj", "{6CD1C0D0-067A-0983-F121-EAAC731F12B0}"
EndProject
Project("{FAE04EC0-301F-11D3-BF4B-00C04F79EFBC}") = "Unity.2D.Tilemap.Extras", "Unity.2D.Tilemap.Extras.csproj", "{53CF3737-9FC6-0467-586E-427824D5A176}"
EndProject
Project("{FAE04EC0-301F-11D3-BF4B-00C04F79EFBC}") = "Unity.VisualScripting.State", "Unity.VisualScripting.State.csproj", "{C336FBEA-030A-8649-26AD-239B05F8879B}"
EndProject
Project("{FAE04EC0-301F-11D3-BF4B-00C04F79EFBC}") = "Unity.TextMeshPro", "Unity.TextMeshPro.csproj", "{71DD45FD-F698-BBCC-97B5-52E9D7CF5FBE}"
EndProject
Project("{FAE04EC0-301F-11D3-BF4B-00C04F79EFBC}") = "Unity.2D.Aseprite.Common", "Unity.2D.Aseprite.Common.csproj", "{BF28F4AE-851C-A245-D00F-DC2AC7C68F81}"
EndProject
Project("{FAE04EC0-301F-11D3-BF4B-00C04F79EFBC}") = "Unity.2D.IK.Editor", "Unity.2D.IK.Editor.csproj", "{9C9C30B6-E4A4-C5E5-E907-A79B0600BABE}"
EndProject
Project("{FAE04EC0-301F-11D3-BF4B-00C04F79EFBC}") = "Unity.InternalAPIEngineBridge.001", "Unity.InternalAPIEngineBridge.001.csproj", "{6BF99EDD-87DB-F789-A687-69C602A188C3}"
EndProject
Project("{FAE04EC0-301F-11D3-BF4B-00C04F79EFBC}") = "Unity.Burst.Editor", "Unity.Burst.Editor.csproj", "{C314796F-C989-C1AE-62E4-AB448C74BAE9}"
EndProject
Project("{FAE04EC0-301F-11D3-BF4B-00C04F79EFBC}") = "Unity.2D.Common.Editor", "Unity.2D.Common.Editor.csproj", "{AF345245-C052-28FC-AF53-907CCC8BEF6B}"
EndProject
Project("{FAE04EC0-301F-11D3-BF4B-00C04F79EFBC}") = "Unity.Sysroot.Linux_x86_64", "Unity.Sysroot.Linux_x86_64.csproj", "{39EE3D8D-E927-12BB-BE71-75B3417ECE4F}"
EndProject
Project("{FAE04EC0-301F-11D3-BF4B-00C04F79EFBC}") = "Unity.2D.Sprite.Editor", "Unity.2D.Sprite.Editor.csproj", "{2D02BB72-3B91-88A6-2AE6-D96848E5C696}"
EndProject
Project("{FAE04EC0-301F-11D3-BF4B-00C04F79EFBC}") = "Unity.VectorGraphics", "Unity.VectorGraphics.csproj", "{5851FB7C-2102-A7E3-644D-4BA40CA9FC82}"
EndProject
Project("{FAE04EC0-301F-11D3-BF4B-00C04F79EFBC}") = "Unity.2D.PixelPerfect", "Unity.2D.PixelPerfect.csproj", "{69610E74-7BE0-E28E-DD2E-6E57E25625EF}"
EndProject
Project("{FAE04EC0-301F-11D3-BF4B-00C04F79EFBC}") = "Unity.2D.PixelPerfect.Editor", "Unity.2D.PixelPerfect.Editor.csproj", "{16427165-2843-A77C-8A26-A0AD324C0751}"
EndProject
Project("{FAE04EC0-301F-11D3-BF4B-00C04F79EFBC}") = "Unity.2D.Common.Runtime", "Unity.2D.Common.Runtime.csproj", "{ABAE0F44-E826-2EC5-3ED4-BF7877F84DE5}"
EndProject
Project("{FAE04EC0-301F-11D3-BF4B-00C04F79EFBC}") = "Unity.Mathematics.Editor", "Unity.Mathematics.Editor.csproj", "{6424053B-2DE8-050A-9E33-DF1564FC00F8}"
EndProject
Project("{FAE04EC0-301F-11D3-BF4B-00C04F79EFBC}") = "Unity.VectorGraphics.Editor", "Unity.VectorGraphics.Editor.csproj", "{51ADE431-8F2D-83B1-AA42-9D7E7FAE150C}"
EndProject
Project("{FAE04EC0-301F-11D3-BF4B-00C04F79EFBC}") = "Unity.SysrootPackage.Editor", "Unity.SysrootPackage.Editor.csproj", "{7B87B07E-9A8B-3E95-893F-D85E6688FC8C}"
EndProject
Project("{FAE04EC0-301F-11D3-BF4B-00C04F79EFBC}") = "Unity.Collections.BurstCompatibilityGen", "Unity.Collections.BurstCompatibilityGen.csproj", "{4D61AD29-6A66-A50D-C4E0-F8A7705337EF}"
EndProject
Project("{FAE04EC0-301F-11D3-BF4B-00C04F79EFBC}") = "Unity.InternalAPIEditorBridge.005", "Unity.InternalAPIEditorBridge.005.csproj", "{6DD56A26-21A8-184E-7FE7-79EF211E44D6}"
EndProject
Project("{FAE04EC0-301F-11D3-BF4B-00C04F79EFBC}") = "Unity.InternalAPIEditorBridge.003", "Unity.InternalAPIEditorBridge.003.csproj", "{9BD65247-C19D-66C4-F444-53B27F7A7725}"
EndProject
Project("{FAE04EC0-301F-11D3-BF4B-00C04F79EFBC}") = "Unity.VisualScripting.Shared.Editor", "Unity.VisualScripting.Shared.Editor.csproj", "{1997AB4E-B9C0-41FE-4D5A-91819ADBFB77}"
EndProject
Project("{FAE04EC0-301F-11D3-BF4B-00C04F79EFBC}") = "Unity.Collections.DocCodeSamples", "Unity.Collections.DocCodeSamples.csproj", "{B8145159-CB00-F9A1-5284-F29FCC771641}"
EndProject
Project("{FAE04EC0-301F-11D3-BF4B-00C04F79EFBC}") = "Unity.Toolchain.Win-x86_64-Linux-x86_64", "Unity.Toolchain.Win-x86_64-Linux-x86_64.csproj", "{7E290177-F94F-6413-3225-F39F36FC3A2D}"
EndProject
Project("{FAE04EC0-301F-11D3-BF4B-00C04F79EFBC}") = "Unity.CollabProxy.Editor", "Unity.CollabProxy.Editor.csproj", "{122AB2CF-BEE8-E158-ED21-4CFD3BF5F971}"
EndProject
Project("{FAE04EC0-301F-11D3-BF4B-00C04F79EFBC}") = "Unity.Timeline", "Unity.Timeline.Player.csproj", "{46ABBAAF-0E21-DA77-27ED-58AC6DB36652}"
EndProject
Project("{FAE04EC0-301F-11D3-BF4B-00C04F79EFBC}") = "Unity.VisualScripting.Flow", "Unity.VisualScripting.Flow.Player.csproj", "{EDD6438E-F93D-9A40-00EC-879C41711DD7}"
EndProject
Project("{FAE04EC0-301F-11D3-BF4B-00C04F79EFBC}") = "Unity.VisualScripting.Core", "Unity.VisualScripting.Core.Player.csproj", "{0DB93DA2-4B01-CE64-D4D8-C61D25BFD71E}"
EndProject
Project("{FAE04EC0-301F-11D3-BF4B-00C04F79EFBC}") = "Unity.Mathematics", "Unity.Mathematics.Player.csproj", "{8733AE77-EFD4-1AAA-BE0E-3B9C8E41F3EF}"
EndProject
Project("{FAE04EC0-301F-11D3-BF4B-00C04F79EFBC}") = "Unity.2D.IK.Runtime", "Unity.2D.IK.Runtime.Player.csproj", "{2329629E-47BA-BAA1-26B8-2D8A96FAB383}"
EndProject
Project("{FAE04EC0-301F-11D3-BF4B-00C04F79EFBC}") = "UnityEngine.TestRunner", "UnityEngine.TestRunner.Player.csproj", "{48F3409D-192E-BA88-8BCD-1E502A9D332A}"
EndProject
Project("{FAE04EC0-301F-11D3-BF4B-00C04F79EFBC}") = "Unity.Burst", "Unity.Burst.Player.csproj", "{2FD8B205-CC4D-C5CD-E2E4-FCBDA9663418}"
EndProject
Project("{FAE04EC0-301F-11D3-BF4B-00C04F79EFBC}") = "Assembly-CSharp", "Assembly-CSharp.Player.csproj", "{A0555743-5B8C-2B75-5A3D-2D33370C4826}"
EndProject
Project("{FAE04EC0-301F-11D3-BF4B-00C04F79EFBC}") = "UnityEngine.UI", "UnityEngine.UI.Player.csproj", "{C53D7288-25DA-E5FF-865D-B3A84D9A0499}"
EndProject
Project("{FAE04EC0-301F-11D3-BF4B-00C04F79EFBC}") = "Unity.Collections", "Unity.Collections.Player.csproj", "{646F9DC1-3995-4397-3CF2-4BFC6F4A983E}"
EndProject
Project("{FAE04EC0-301F-11D3-BF4B-00C04F79EFBC}") = "Unity.2D.SpriteShape.Runtime", "Unity.2D.SpriteShape.Runtime.Player.csproj", "{FFE49D50-3DDC-E5E3-B400-D4BEF7CB4053}"
EndProject
Project("{FAE04EC0-301F-11D3-BF4B-00C04F79EFBC}") = "Unity.2D.Animation.Runtime", "Unity.2D.Animation.Runtime.Player.csproj", "{5F5C565A-06B6-3979-CD1F-2542D0A6F738}"
EndProject
Project("{FAE04EC0-301F-11D3-BF4B-00C04F79EFBC}") = "Unity.InternalAPIEngineBridge.003", "Unity.InternalAPIEngineBridge.003.Player.csproj", "{E8940432-5D1E-F74D-3FAD-261EFBC7E07E}"
EndProject
Project("{FAE04EC0-301F-11D3-BF4B-00C04F79EFBC}") = "Unity.2D.Tilemap.Extras", "Unity.2D.Tilemap.Extras.Player.csproj", "{C4FE3B83-1F8F-4BF3-FFA6-EAD08E813D0F}"
EndProject
Project("{FAE04EC0-301F-11D3-BF4B-00C04F79EFBC}") = "Unity.VisualScripting.State", "Unity.VisualScripting.State.Player.csproj", "{FB647842-1F67-ECD3-1280-EC370D35D4AC}"
EndProject
Project("{FAE04EC0-301F-11D3-BF4B-00C04F79EFBC}") = "Unity.TextMeshPro", "Unity.TextMeshPro.Player.csproj", "{E120EDC4-8549-F8A2-C58B-F843EF3EAF3D}"
EndProject
Project("{FAE04EC0-301F-11D3-BF4B-00C04F79EFBC}") = "Unity.InternalAPIEngineBridge.001", "Unity.InternalAPIEngineBridge.001.Player.csproj", "{84731E2A-0B2C-BEBC-32BA-5ACC25D98259}"
EndProject
Project("{FAE04EC0-301F-11D3-BF4B-00C04F79EFBC}") = "Unity.VectorGraphics", "Unity.VectorGraphics.Player.csproj", "{09A89F93-4475-9F21-EFF7-734F8F5F7BA4}"
EndProject
Project("{FAE04EC0-301F-11D3-BF4B-00C04F79EFBC}") = "Unity.2D.PixelPerfect", "Unity.2D.PixelPerfect.Player.csproj", "{8B76E799-C6E9-90DC-6360-E4BD1CF24B97}"
EndProject
Project("{FAE04EC0-301F-11D3-BF4B-00C04F79EFBC}") = "Unity.2D.Common.Runtime", "Unity.2D.Common.Runtime.Player.csproj", "{F8EE9904-3E0C-3580-2906-9084AC5FD638}"
EndProject
Global
	GlobalSection(SolutionConfigurationPlatforms) = preSolution
		Debug|Any CPU = Debug|Any CPU
		Release|Any CPU = Release|Any CPU
	EndGlobalSection
	GlobalSection(ProjectConfigurationPlatforms) = postSolution
		{EF676C6E-D1A9-F6D7-3B77-A91051241EA8}.Debug|Any CPU.ActiveCfg = Debug|Any CPU
		{EF676C6E-D1A9-F6D7-3B77-A91051241EA8}.Debug|Any CPU.Build.0 = Debug|Any CPU
		{EF676C6E-D1A9-F6D7-3B77-A91051241EA8}.Release|Any CPU.ActiveCfg = Release|Any CPU
		{EF676C6E-D1A9-F6D7-3B77-A91051241EA8}.Release|Any CPU.Build.0 = Release|Any CPU
		{D53A8346-AB53-94CF-EF65-28A0684DF2A6}.Debug|Any CPU.ActiveCfg = Debug|Any CPU
		{D53A8346-AB53-94CF-EF65-28A0684DF2A6}.Debug|Any CPU.Build.0 = Debug|Any CPU
		{D53A8346-AB53-94CF-EF65-28A0684DF2A6}.Release|Any CPU.ActiveCfg = Release|Any CPU
		{D53A8346-AB53-94CF-EF65-28A0684DF2A6}.Release|Any CPU.Build.0 = Release|Any CPU
		{BDC59441-7084-936A-EB40-3C6C9D9AF66C}.Debug|Any CPU.ActiveCfg = Debug|Any CPU
		{BDC59441-7084-936A-EB40-3C6C9D9AF66C}.Debug|Any CPU.Build.0 = Debug|Any CPU
		{BDC59441-7084-936A-EB40-3C6C9D9AF66C}.Release|Any CPU.ActiveCfg = Release|Any CPU
		{BDC59441-7084-936A-EB40-3C6C9D9AF66C}.Release|Any CPU.Build.0 = Release|Any CPU
		{2A4E04B6-8667-74D9-93DA-138F2517FF63}.Debug|Any CPU.ActiveCfg = Debug|Any CPU
		{2A4E04B6-8667-74D9-93DA-138F2517FF63}.Debug|Any CPU.Build.0 = Debug|Any CPU
		{2A4E04B6-8667-74D9-93DA-138F2517FF63}.Release|Any CPU.ActiveCfg = Release|Any CPU
		{2A4E04B6-8667-74D9-93DA-138F2517FF63}.Release|Any CPU.Build.0 = Release|Any CPU
		{3EB75D14-2600-D5B6-A059-6C9A2B4B534A}.Debug|Any CPU.ActiveCfg = Debug|Any CPU
		{3EB75D14-2600-D5B6-A059-6C9A2B4B534A}.Debug|Any CPU.Build.0 = Debug|Any CPU
		{3EB75D14-2600-D5B6-A059-6C9A2B4B534A}.Release|Any CPU.ActiveCfg = Release|Any CPU
		{3EB75D14-2600-D5B6-A059-6C9A2B4B534A}.Release|Any CPU.Build.0 = Release|Any CPU
		{533513CB-BFCF-2738-A479-969F1F902AAF}.Debug|Any CPU.ActiveCfg = Debug|Any CPU
		{533513CB-BFCF-2738-A479-969F1F902AAF}.Debug|Any CPU.Build.0 = Debug|Any CPU
		{533513CB-BFCF-2738-A479-969F1F902AAF}.Release|Any CPU.ActiveCfg = Release|Any CPU
		{533513CB-BFCF-2738-A479-969F1F902AAF}.Release|Any CPU.Build.0 = Release|Any CPU
		{9FCB5BB8-8B51-F60A-E7E5-1FC112B10C38}.Debug|Any CPU.ActiveCfg = Debug|Any CPU
		{9FCB5BB8-8B51-F60A-E7E5-1FC112B10C38}.Debug|Any CPU.Build.0 = Debug|Any CPU
		{9FCB5BB8-8B51-F60A-E7E5-1FC112B10C38}.Release|Any CPU.ActiveCfg = Release|Any CPU
		{9FCB5BB8-8B51-F60A-E7E5-1FC112B10C38}.Release|Any CPU.Build.0 = Release|Any CPU
		{4A88BBD8-0F09-6DF6-4A4B-3C07BABC9E2B}.Debug|Any CPU.ActiveCfg = Debug|Any CPU
		{4A88BBD8-0F09-6DF6-4A4B-3C07BABC9E2B}.Debug|Any CPU.Build.0 = Debug|Any CPU
		{4A88BBD8-0F09-6DF6-4A4B-3C07BABC9E2B}.Release|Any CPU.ActiveCfg = Release|Any CPU
		{4A88BBD8-0F09-6DF6-4A4B-3C07BABC9E2B}.Release|Any CPU.Build.0 = Release|Any CPU
		{68F7CEDA-90AC-D129-66D8-E7CE3C0817FD}.Debug|Any CPU.ActiveCfg = Debug|Any CPU
		{68F7CEDA-90AC-D129-66D8-E7CE3C0817FD}.Debug|Any CPU.Build.0 = Debug|Any CPU
		{68F7CEDA-90AC-D129-66D8-E7CE3C0817FD}.Release|Any CPU.ActiveCfg = Release|Any CPU
		{68F7CEDA-90AC-D129-66D8-E7CE3C0817FD}.Release|Any CPU.Build.0 = Release|Any CPU
		{C50AA992-3F01-9385-107B-9BD99DB6C8ED}.Debug|Any CPU.ActiveCfg = Debug|Any CPU
		{C50AA992-3F01-9385-107B-9BD99DB6C8ED}.Debug|Any CPU.Build.0 = Debug|Any CPU
		{C50AA992-3F01-9385-107B-9BD99DB6C8ED}.Release|Any CPU.ActiveCfg = Release|Any CPU
		{C50AA992-3F01-9385-107B-9BD99DB6C8ED}.Release|Any CPU.Build.0 = Release|Any CPU
		{117B8F0C-F090-EF81-9207-41EE7D00CEF5}.Debug|Any CPU.ActiveCfg = Debug|Any CPU
		{117B8F0C-F090-EF81-9207-41EE7D00CEF5}.Debug|Any CPU.Build.0 = Debug|Any CPU
		{117B8F0C-F090-EF81-9207-41EE7D00CEF5}.Release|Any CPU.ActiveCfg = Release|Any CPU
		{117B8F0C-F090-EF81-9207-41EE7D00CEF5}.Release|Any CPU.Build.0 = Release|Any CPU
		{4F7ED1E3-648E-05EB-69BE-8468DCD18D6E}.Debug|Any CPU.ActiveCfg = Debug|Any CPU
		{4F7ED1E3-648E-05EB-69BE-8468DCD18D6E}.Debug|Any CPU.Build.0 = Debug|Any CPU
		{4F7ED1E3-648E-05EB-69BE-8468DCD18D6E}.Release|Any CPU.ActiveCfg = Release|Any CPU
		{4F7ED1E3-648E-05EB-69BE-8468DCD18D6E}.Release|Any CPU.Build.0 = Release|Any CPU
		{14EDC07A-2F6C-1309-6C1D-5839301D7124}.Debug|Any CPU.ActiveCfg = Debug|Any CPU
		{14EDC07A-2F6C-1309-6C1D-5839301D7124}.Debug|Any CPU.Build.0 = Debug|Any CPU
		{14EDC07A-2F6C-1309-6C1D-5839301D7124}.Release|Any CPU.ActiveCfg = Release|Any CPU
		{14EDC07A-2F6C-1309-6C1D-5839301D7124}.Release|Any CPU.Build.0 = Release|Any CPU
		{CAD3541D-4BAC-2AE6-5065-308E3CA86984}.Debug|Any CPU.ActiveCfg = Debug|Any CPU
		{CAD3541D-4BAC-2AE6-5065-308E3CA86984}.Debug|Any CPU.Build.0 = Debug|Any CPU
		{CAD3541D-4BAC-2AE6-5065-308E3CA86984}.Release|Any CPU.ActiveCfg = Release|Any CPU
		{CAD3541D-4BAC-2AE6-5065-308E3CA86984}.Release|Any CPU.Build.0 = Release|Any CPU
		{0F89DC4D-920E-F370-21C4-0E09043A66FA}.Debug|Any CPU.ActiveCfg = Debug|Any CPU
		{0F89DC4D-920E-F370-21C4-0E09043A66FA}.Debug|Any CPU.Build.0 = Debug|Any CPU
		{0F89DC4D-920E-F370-21C4-0E09043A66FA}.Release|Any CPU.ActiveCfg = Release|Any CPU
		{0F89DC4D-920E-F370-21C4-0E09043A66FA}.Release|Any CPU.Build.0 = Release|Any CPU
		{6BC5EF98-CC5E-89E7-94F0-257ABF933839}.Debug|Any CPU.ActiveCfg = Debug|Any CPU
		{6BC5EF98-CC5E-89E7-94F0-257ABF933839}.Debug|Any CPU.Build.0 = Debug|Any CPU
		{6BC5EF98-CC5E-89E7-94F0-257ABF933839}.Release|Any CPU.ActiveCfg = Release|Any CPU
		{6BC5EF98-CC5E-89E7-94F0-257ABF933839}.Release|Any CPU.Build.0 = Release|Any CPU
		{FB9AE9E5-A770-45B9-86C2-FDB9C6DE151E}.Debug|Any CPU.ActiveCfg = Debug|Any CPU
		{FB9AE9E5-A770-45B9-86C2-FDB9C6DE151E}.Debug|Any CPU.Build.0 = Debug|Any CPU
		{FB9AE9E5-A770-45B9-86C2-FDB9C6DE151E}.Release|Any CPU.ActiveCfg = Release|Any CPU
		{FB9AE9E5-A770-45B9-86C2-FDB9C6DE151E}.Release|Any CPU.Build.0 = Release|Any CPU
		{A1D54478-E7E1-9C8D-558B-EBF19E5E3EBA}.Debug|Any CPU.ActiveCfg = Debug|Any CPU
		{A1D54478-E7E1-9C8D-558B-EBF19E5E3EBA}.Debug|Any CPU.Build.0 = Debug|Any CPU
		{A1D54478-E7E1-9C8D-558B-EBF19E5E3EBA}.Release|Any CPU.ActiveCfg = Release|Any CPU
		{A1D54478-E7E1-9C8D-558B-EBF19E5E3EBA}.Release|Any CPU.Build.0 = Release|Any CPU
		{9C11D4C5-5E73-3186-1686-374332F8EFB3}.Debug|Any CPU.ActiveCfg = Debug|Any CPU
		{9C11D4C5-5E73-3186-1686-374332F8EFB3}.Debug|Any CPU.Build.0 = Debug|Any CPU
		{9C11D4C5-5E73-3186-1686-374332F8EFB3}.Release|Any CPU.ActiveCfg = Release|Any CPU
		{9C11D4C5-5E73-3186-1686-374332F8EFB3}.Release|Any CPU.Build.0 = Release|Any CPU
		{73038A24-79CB-08CF-2C1F-93FEDACE7C05}.Debug|Any CPU.ActiveCfg = Debug|Any CPU
		{73038A24-79CB-08CF-2C1F-93FEDACE7C05}.Debug|Any CPU.Build.0 = Debug|Any CPU
		{73038A24-79CB-08CF-2C1F-93FEDACE7C05}.Release|Any CPU.ActiveCfg = Release|Any CPU
		{73038A24-79CB-08CF-2C1F-93FEDACE7C05}.Release|Any CPU.Build.0 = Release|Any CPU
		{FBEE9683-568F-9725-7E03-F20E9E7ACCAE}.Debug|Any CPU.ActiveCfg = Debug|Any CPU
		{FBEE9683-568F-9725-7E03-F20E9E7ACCAE}.Debug|Any CPU.Build.0 = Debug|Any CPU
		{FBEE9683-568F-9725-7E03-F20E9E7ACCAE}.Release|Any CPU.ActiveCfg = Release|Any CPU
		{FBEE9683-568F-9725-7E03-F20E9E7ACCAE}.Release|Any CPU.Build.0 = Release|Any CPU
		{45FDCF58-4424-3AD4-FF6C-29791B7FB04D}.Debug|Any CPU.ActiveCfg = Debug|Any CPU
		{45FDCF58-4424-3AD4-FF6C-29791B7FB04D}.Debug|Any CPU.Build.0 = Debug|Any CPU
		{45FDCF58-4424-3AD4-FF6C-29791B7FB04D}.Release|Any CPU.ActiveCfg = Release|Any CPU
		{45FDCF58-4424-3AD4-FF6C-29791B7FB04D}.Release|Any CPU.Build.0 = Release|Any CPU
		{BFCF44DD-7D48-197F-7476-4820EDA04910}.Debug|Any CPU.ActiveCfg = Debug|Any CPU
		{BFCF44DD-7D48-197F-7476-4820EDA04910}.Debug|Any CPU.Build.0 = Debug|Any CPU
		{BFCF44DD-7D48-197F-7476-4820EDA04910}.Release|Any CPU.ActiveCfg = Release|Any CPU
		{BFCF44DD-7D48-197F-7476-4820EDA04910}.Release|Any CPU.Build.0 = Release|Any CPU
		{F72DB822-8338-11CE-12A8-2380118DBA3D}.Debug|Any CPU.ActiveCfg = Debug|Any CPU
		{F72DB822-8338-11CE-12A8-2380118DBA3D}.Debug|Any CPU.Build.0 = Debug|Any CPU
		{F72DB822-8338-11CE-12A8-2380118DBA3D}.Release|Any CPU.ActiveCfg = Release|Any CPU
		{F72DB822-8338-11CE-12A8-2380118DBA3D}.Release|Any CPU.Build.0 = Release|Any CPU
		{78D61BD7-7BE9-5BC8-17C7-2945FD010920}.Debug|Any CPU.ActiveCfg = Debug|Any CPU
		{78D61BD7-7BE9-5BC8-17C7-2945FD010920}.Debug|Any CPU.Build.0 = Debug|Any CPU
		{78D61BD7-7BE9-5BC8-17C7-2945FD010920}.Release|Any CPU.ActiveCfg = Release|Any CPU
		{78D61BD7-7BE9-5BC8-17C7-2945FD010920}.Release|Any CPU.Build.0 = Release|Any CPU
		{88EE5489-7392-7369-EEB8-D4A5A142BE39}.Debug|Any CPU.ActiveCfg = Debug|Any CPU
		{88EE5489-7392-7369-EEB8-D4A5A142BE39}.Debug|Any CPU.Build.0 = Debug|Any CPU
		{88EE5489-7392-7369-EEB8-D4A5A142BE39}.Release|Any CPU.ActiveCfg = Release|Any CPU
		{88EE5489-7392-7369-EEB8-D4A5A142BE39}.Release|Any CPU.Build.0 = Release|Any CPU
		{12A311F6-A7DE-5F34-BB85-8AAEA07007DA}.Debug|Any CPU.ActiveCfg = Debug|Any CPU
		{12A311F6-A7DE-5F34-BB85-8AAEA07007DA}.Debug|Any CPU.Build.0 = Debug|Any CPU
		{12A311F6-A7DE-5F34-BB85-8AAEA07007DA}.Release|Any CPU.ActiveCfg = Release|Any CPU
		{12A311F6-A7DE-5F34-BB85-8AAEA07007DA}.Release|Any CPU.Build.0 = Release|Any CPU
		{6F83C1ED-F40A-8641-1A7F-85B97A5E38D3}.Debug|Any CPU.ActiveCfg = Debug|Any CPU
		{6F83C1ED-F40A-8641-1A7F-85B97A5E38D3}.Debug|Any CPU.Build.0 = Debug|Any CPU
		{6F83C1ED-F40A-8641-1A7F-85B97A5E38D3}.Release|Any CPU.ActiveCfg = Release|Any CPU
		{6F83C1ED-F40A-8641-1A7F-85B97A5E38D3}.Release|Any CPU.Build.0 = Release|Any CPU
		{500E3596-7CEF-11C9-E5B0-0A7F383EEA69}.Debug|Any CPU.ActiveCfg = Debug|Any CPU
		{500E3596-7CEF-11C9-E5B0-0A7F383EEA69}.Debug|Any CPU.Build.0 = Debug|Any CPU
		{500E3596-7CEF-11C9-E5B0-0A7F383EEA69}.Release|Any CPU.ActiveCfg = Release|Any CPU
		{500E3596-7CEF-11C9-E5B0-0A7F383EEA69}.Release|Any CPU.Build.0 = Release|Any CPU
		{A8D94F6B-5EF5-F01E-239B-5A6AFE63F666}.Debug|Any CPU.ActiveCfg = Debug|Any CPU
		{A8D94F6B-5EF5-F01E-239B-5A6AFE63F666}.Debug|Any CPU.Build.0 = Debug|Any CPU
		{A8D94F6B-5EF5-F01E-239B-5A6AFE63F666}.Release|Any CPU.ActiveCfg = Release|Any CPU
		{A8D94F6B-5EF5-F01E-239B-5A6AFE63F666}.Release|Any CPU.Build.0 = Release|Any CPU
		{353C7370-6B0D-AFFF-FC03-774654041CB6}.Debug|Any CPU.ActiveCfg = Debug|Any CPU
		{353C7370-6B0D-AFFF-FC03-774654041CB6}.Debug|Any CPU.Build.0 = Debug|Any CPU
		{353C7370-6B0D-AFFF-FC03-774654041CB6}.Release|Any CPU.ActiveCfg = Release|Any CPU
		{353C7370-6B0D-AFFF-FC03-774654041CB6}.Release|Any CPU.Build.0 = Release|Any CPU
		{CED24B3E-07FA-6CC1-5635-AFA0CAFB99C5}.Debug|Any CPU.ActiveCfg = Debug|Any CPU
		{CED24B3E-07FA-6CC1-5635-AFA0CAFB99C5}.Debug|Any CPU.Build.0 = Debug|Any CPU
		{CED24B3E-07FA-6CC1-5635-AFA0CAFB99C5}.Release|Any CPU.ActiveCfg = Release|Any CPU
		{CED24B3E-07FA-6CC1-5635-AFA0CAFB99C5}.Release|Any CPU.Build.0 = Release|Any CPU
		{A4176762-61C9-6D91-1285-263A5BDA2A80}.Debug|Any CPU.ActiveCfg = Debug|Any CPU
		{A4176762-61C9-6D91-1285-263A5BDA2A80}.Debug|Any CPU.Build.0 = Debug|Any CPU
		{A4176762-61C9-6D91-1285-263A5BDA2A80}.Release|Any CPU.ActiveCfg = Release|Any CPU
		{A4176762-61C9-6D91-1285-263A5BDA2A80}.Release|Any CPU.Build.0 = Release|Any CPU
		{6CD1C0D0-067A-0983-F121-EAAC731F12B0}.Debug|Any CPU.ActiveCfg = Debug|Any CPU
		{6CD1C0D0-067A-0983-F121-EAAC731F12B0}.Debug|Any CPU.Build.0 = Debug|Any CPU
		{6CD1C0D0-067A-0983-F121-EAAC731F12B0}.Release|Any CPU.ActiveCfg = Release|Any CPU
		{6CD1C0D0-067A-0983-F121-EAAC731F12B0}.Release|Any CPU.Build.0 = Release|Any CPU
		{53CF3737-9FC6-0467-586E-427824D5A176}.Debug|Any CPU.ActiveCfg = Debug|Any CPU
		{53CF3737-9FC6-0467-586E-427824D5A176}.Debug|Any CPU.Build.0 = Debug|Any CPU
		{53CF3737-9FC6-0467-586E-427824D5A176}.Release|Any CPU.ActiveCfg = Release|Any CPU
		{53CF3737-9FC6-0467-586E-427824D5A176}.Release|Any CPU.Build.0 = Release|Any CPU
		{C336FBEA-030A-8649-26AD-239B05F8879B}.Debug|Any CPU.ActiveCfg = Debug|Any CPU
		{C336FBEA-030A-8649-26AD-239B05F8879B}.Debug|Any CPU.Build.0 = Debug|Any CPU
		{C336FBEA-030A-8649-26AD-239B05F8879B}.Release|Any CPU.ActiveCfg = Release|Any CPU
		{C336FBEA-030A-8649-26AD-239B05F8879B}.Release|Any CPU.Build.0 = Release|Any CPU
		{71DD45FD-F698-BBCC-97B5-52E9D7CF5FBE}.Debug|Any CPU.ActiveCfg = Debug|Any CPU
		{71DD45FD-F698-BBCC-97B5-52E9D7CF5FBE}.Debug|Any CPU.Build.0 = Debug|Any CPU
		{71DD45FD-F698-BBCC-97B5-52E9D7CF5FBE}.Release|Any CPU.ActiveCfg = Release|Any CPU
		{71DD45FD-F698-BBCC-97B5-52E9D7CF5FBE}.Release|Any CPU.Build.0 = Release|Any CPU
		{BF28F4AE-851C-A245-D00F-DC2AC7C68F81}.Debug|Any CPU.ActiveCfg = Debug|Any CPU
		{BF28F4AE-851C-A245-D00F-DC2AC7C68F81}.Debug|Any CPU.Build.0 = Debug|Any CPU
		{BF28F4AE-851C-A245-D00F-DC2AC7C68F81}.Release|Any CPU.ActiveCfg = Release|Any CPU
		{BF28F4AE-851C-A245-D00F-DC2AC7C68F81}.Release|Any CPU.Build.0 = Release|Any CPU
		{9C9C30B6-E4A4-C5E5-E907-A79B0600BABE}.Debug|Any CPU.ActiveCfg = Debug|Any CPU
		{9C9C30B6-E4A4-C5E5-E907-A79B0600BABE}.Debug|Any CPU.Build.0 = Debug|Any CPU
		{9C9C30B6-E4A4-C5E5-E907-A79B0600BABE}.Release|Any CPU.ActiveCfg = Release|Any CPU
		{9C9C30B6-E4A4-C5E5-E907-A79B0600BABE}.Release|Any CPU.Build.0 = Release|Any CPU
		{6BF99EDD-87DB-F789-A687-69C602A188C3}.Debug|Any CPU.ActiveCfg = Debug|Any CPU
		{6BF99EDD-87DB-F789-A687-69C602A188C3}.Debug|Any CPU.Build.0 = Debug|Any CPU
		{6BF99EDD-87DB-F789-A687-69C602A188C3}.Release|Any CPU.ActiveCfg = Release|Any CPU
		{6BF99EDD-87DB-F789-A687-69C602A188C3}.Release|Any CPU.Build.0 = Release|Any CPU
		{C314796F-C989-C1AE-62E4-AB448C74BAE9}.Debug|Any CPU.ActiveCfg = Debug|Any CPU
		{C314796F-C989-C1AE-62E4-AB448C74BAE9}.Debug|Any CPU.Build.0 = Debug|Any CPU
		{C314796F-C989-C1AE-62E4-AB448C74BAE9}.Release|Any CPU.ActiveCfg = Release|Any CPU
		{C314796F-C989-C1AE-62E4-AB448C74BAE9}.Release|Any CPU.Build.0 = Release|Any CPU
		{AF345245-C052-28FC-AF53-907CCC8BEF6B}.Debug|Any CPU.ActiveCfg = Debug|Any CPU
		{AF345245-C052-28FC-AF53-907CCC8BEF6B}.Debug|Any CPU.Build.0 = Debug|Any CPU
		{AF345245-C052-28FC-AF53-907CCC8BEF6B}.Release|Any CPU.ActiveCfg = Release|Any CPU
		{AF345245-C052-28FC-AF53-907CCC8BEF6B}.Release|Any CPU.Build.0 = Release|Any CPU
		{39EE3D8D-E927-12BB-BE71-75B3417ECE4F}.Debug|Any CPU.ActiveCfg = Debug|Any CPU
		{39EE3D8D-E927-12BB-BE71-75B3417ECE4F}.Debug|Any CPU.Build.0 = Debug|Any CPU
		{39EE3D8D-E927-12BB-BE71-75B3417ECE4F}.Release|Any CPU.ActiveCfg = Release|Any CPU
		{39EE3D8D-E927-12BB-BE71-75B3417ECE4F}.Release|Any CPU.Build.0 = Release|Any CPU
		{2D02BB72-3B91-88A6-2AE6-D96848E5C696}.Debug|Any CPU.ActiveCfg = Debug|Any CPU
		{2D02BB72-3B91-88A6-2AE6-D96848E5C696}.Debug|Any CPU.Build.0 = Debug|Any CPU
		{2D02BB72-3B91-88A6-2AE6-D96848E5C696}.Release|Any CPU.ActiveCfg = Release|Any CPU
		{2D02BB72-3B91-88A6-2AE6-D96848E5C696}.Release|Any CPU.Build.0 = Release|Any CPU
		{5851FB7C-2102-A7E3-644D-4BA40CA9FC82}.Debug|Any CPU.ActiveCfg = Debug|Any CPU
		{5851FB7C-2102-A7E3-644D-4BA40CA9FC82}.Debug|Any CPU.Build.0 = Debug|Any CPU
		{5851FB7C-2102-A7E3-644D-4BA40CA9FC82}.Release|Any CPU.ActiveCfg = Release|Any CPU
		{5851FB7C-2102-A7E3-644D-4BA40CA9FC82}.Release|Any CPU.Build.0 = Release|Any CPU
		{69610E74-7BE0-E28E-DD2E-6E57E25625EF}.Debug|Any CPU.ActiveCfg = Debug|Any CPU
		{69610E74-7BE0-E28E-DD2E-6E57E25625EF}.Debug|Any CPU.Build.0 = Debug|Any CPU
		{69610E74-7BE0-E28E-DD2E-6E57E25625EF}.Release|Any CPU.ActiveCfg = Release|Any CPU
		{69610E74-7BE0-E28E-DD2E-6E57E25625EF}.Release|Any CPU.Build.0 = Release|Any CPU
		{16427165-2843-A77C-8A26-A0AD324C0751}.Debug|Any CPU.ActiveCfg = Debug|Any CPU
		{16427165-2843-A77C-8A26-A0AD324C0751}.Debug|Any CPU.Build.0 = Debug|Any CPU
		{16427165-2843-A77C-8A26-A0AD324C0751}.Release|Any CPU.ActiveCfg = Release|Any CPU
		{16427165-2843-A77C-8A26-A0AD324C0751}.Release|Any CPU.Build.0 = Release|Any CPU
		{ABAE0F44-E826-2EC5-3ED4-BF7877F84DE5}.Debug|Any CPU.ActiveCfg = Debug|Any CPU
		{ABAE0F44-E826-2EC5-3ED4-BF7877F84DE5}.Debug|Any CPU.Build.0 = Debug|Any CPU
		{ABAE0F44-E826-2EC5-3ED4-BF7877F84DE5}.Release|Any CPU.ActiveCfg = Release|Any CPU
		{ABAE0F44-E826-2EC5-3ED4-BF7877F84DE5}.Release|Any CPU.Build.0 = Release|Any CPU
		{6424053B-2DE8-050A-9E33-DF1564FC00F8}.Debug|Any CPU.ActiveCfg = Debug|Any CPU
		{6424053B-2DE8-050A-9E33-DF1564FC00F8}.Debug|Any CPU.Build.0 = Debug|Any CPU
		{6424053B-2DE8-050A-9E33-DF1564FC00F8}.Release|Any CPU.ActiveCfg = Release|Any CPU
		{6424053B-2DE8-050A-9E33-DF1564FC00F8}.Release|Any CPU.Build.0 = Release|Any CPU
		{51ADE431-8F2D-83B1-AA42-9D7E7FAE150C}.Debug|Any CPU.ActiveCfg = Debug|Any CPU
		{51ADE431-8F2D-83B1-AA42-9D7E7FAE150C}.Debug|Any CPU.Build.0 = Debug|Any CPU
		{51ADE431-8F2D-83B1-AA42-9D7E7FAE150C}.Release|Any CPU.ActiveCfg = Release|Any CPU
		{51ADE431-8F2D-83B1-AA42-9D7E7FAE150C}.Release|Any CPU.Build.0 = Release|Any CPU
		{7B87B07E-9A8B-3E95-893F-D85E6688FC8C}.Debug|Any CPU.ActiveCfg = Debug|Any CPU
		{7B87B07E-9A8B-3E95-893F-D85E6688FC8C}.Debug|Any CPU.Build.0 = Debug|Any CPU
		{7B87B07E-9A8B-3E95-893F-D85E6688FC8C}.Release|Any CPU.ActiveCfg = Release|Any CPU
		{7B87B07E-9A8B-3E95-893F-D85E6688FC8C}.Release|Any CPU.Build.0 = Release|Any CPU
		{4D61AD29-6A66-A50D-C4E0-F8A7705337EF}.Debug|Any CPU.ActiveCfg = Debug|Any CPU
		{4D61AD29-6A66-A50D-C4E0-F8A7705337EF}.Debug|Any CPU.Build.0 = Debug|Any CPU
		{4D61AD29-6A66-A50D-C4E0-F8A7705337EF}.Release|Any CPU.ActiveCfg = Release|Any CPU
		{4D61AD29-6A66-A50D-C4E0-F8A7705337EF}.Release|Any CPU.Build.0 = Release|Any CPU
		{6DD56A26-21A8-184E-7FE7-79EF211E44D6}.Debug|Any CPU.ActiveCfg = Debug|Any CPU
		{6DD56A26-21A8-184E-7FE7-79EF211E44D6}.Debug|Any CPU.Build.0 = Debug|Any CPU
		{6DD56A26-21A8-184E-7FE7-79EF211E44D6}.Release|Any CPU.ActiveCfg = Release|Any CPU
		{6DD56A26-21A8-184E-7FE7-79EF211E44D6}.Release|Any CPU.Build.0 = Release|Any CPU
		{9BD65247-C19D-66C4-F444-53B27F7A7725}.Debug|Any CPU.ActiveCfg = Debug|Any CPU
		{9BD65247-C19D-66C4-F444-53B27F7A7725}.Debug|Any CPU.Build.0 = Debug|Any CPU
		{9BD65247-C19D-66C4-F444-53B27F7A7725}.Release|Any CPU.ActiveCfg = Release|Any CPU
		{9BD65247-C19D-66C4-F444-53B27F7A7725}.Release|Any CPU.Build.0 = Release|Any CPU
		{1997AB4E-B9C0-41FE-4D5A-91819ADBFB77}.Debug|Any CPU.ActiveCfg = Debug|Any CPU
		{1997AB4E-B9C0-41FE-4D5A-91819ADBFB77}.Debug|Any CPU.Build.0 = Debug|Any CPU
		{1997AB4E-B9C0-41FE-4D5A-91819ADBFB77}.Release|Any CPU.ActiveCfg = Release|Any CPU
		{1997AB4E-B9C0-41FE-4D5A-91819ADBFB77}.Release|Any CPU.Build.0 = Release|Any CPU
		{B8145159-CB00-F9A1-5284-F29FCC771641}.Debug|Any CPU.ActiveCfg = Debug|Any CPU
		{B8145159-CB00-F9A1-5284-F29FCC771641}.Debug|Any CPU.Build.0 = Debug|Any CPU
		{B8145159-CB00-F9A1-5284-F29FCC771641}.Release|Any CPU.ActiveCfg = Release|Any CPU
		{B8145159-CB00-F9A1-5284-F29FCC771641}.Release|Any CPU.Build.0 = Release|Any CPU
		{7E290177-F94F-6413-3225-F39F36FC3A2D}.Debug|Any CPU.ActiveCfg = Debug|Any CPU
		{7E290177-F94F-6413-3225-F39F36FC3A2D}.Debug|Any CPU.Build.0 = Debug|Any CPU
		{7E290177-F94F-6413-3225-F39F36FC3A2D}.Release|Any CPU.ActiveCfg = Release|Any CPU
		{7E290177-F94F-6413-3225-F39F36FC3A2D}.Release|Any CPU.Build.0 = Release|Any CPU
		{122AB2CF-BEE8-E158-ED21-4CFD3BF5F971}.Debug|Any CPU.ActiveCfg = Debug|Any CPU
		{122AB2CF-BEE8-E158-ED21-4CFD3BF5F971}.Debug|Any CPU.Build.0 = Debug|Any CPU
		{122AB2CF-BEE8-E158-ED21-4CFD3BF5F971}.Release|Any CPU.ActiveCfg = Release|Any CPU
		{122AB2CF-BEE8-E158-ED21-4CFD3BF5F971}.Release|Any CPU.Build.0 = Release|Any CPU
		{46ABBAAF-0E21-DA77-27ED-58AC6DB36652}.Debug|Any CPU.ActiveCfg = Debug|Any CPU
		{46ABBAAF-0E21-DA77-27ED-58AC6DB36652}.Debug|Any CPU.Build.0 = Debug|Any CPU
		{46ABBAAF-0E21-DA77-27ED-58AC6DB36652}.Release|Any CPU.ActiveCfg = Release|Any CPU
		{46ABBAAF-0E21-DA77-27ED-58AC6DB36652}.Release|Any CPU.Build.0 = Release|Any CPU
		{EDD6438E-F93D-9A40-00EC-879C41711DD7}.Debug|Any CPU.ActiveCfg = Debug|Any CPU
		{EDD6438E-F93D-9A40-00EC-879C41711DD7}.Debug|Any CPU.Build.0 = Debug|Any CPU
		{EDD6438E-F93D-9A40-00EC-879C41711DD7}.Release|Any CPU.ActiveCfg = Release|Any CPU
		{EDD6438E-F93D-9A40-00EC-879C41711DD7}.Release|Any CPU.Build.0 = Release|Any CPU
		{0DB93DA2-4B01-CE64-D4D8-C61D25BFD71E}.Debug|Any CPU.ActiveCfg = Debug|Any CPU
		{0DB93DA2-4B01-CE64-D4D8-C61D25BFD71E}.Debug|Any CPU.Build.0 = Debug|Any CPU
		{0DB93DA2-4B01-CE64-D4D8-C61D25BFD71E}.Release|Any CPU.ActiveCfg = Release|Any CPU
		{0DB93DA2-4B01-CE64-D4D8-C61D25BFD71E}.Release|Any CPU.Build.0 = Release|Any CPU
		{8733AE77-EFD4-1AAA-BE0E-3B9C8E41F3EF}.Debug|Any CPU.ActiveCfg = Debug|Any CPU
		{8733AE77-EFD4-1AAA-BE0E-3B9C8E41F3EF}.Debug|Any CPU.Build.0 = Debug|Any CPU
		{8733AE77-EFD4-1AAA-BE0E-3B9C8E41F3EF}.Release|Any CPU.ActiveCfg = Release|Any CPU
		{8733AE77-EFD4-1AAA-BE0E-3B9C8E41F3EF}.Release|Any CPU.Build.0 = Release|Any CPU
		{2329629E-47BA-BAA1-26B8-2D8A96FAB383}.Debug|Any CPU.ActiveCfg = Debug|Any CPU
		{2329629E-47BA-BAA1-26B8-2D8A96FAB383}.Debug|Any CPU.Build.0 = Debug|Any CPU
		{2329629E-47BA-BAA1-26B8-2D8A96FAB383}.Release|Any CPU.ActiveCfg = Release|Any CPU
		{2329629E-47BA-BAA1-26B8-2D8A96FAB383}.Release|Any CPU.Build.0 = Release|Any CPU
		{48F3409D-192E-BA88-8BCD-1E502A9D332A}.Debug|Any CPU.ActiveCfg = Debug|Any CPU
		{48F3409D-192E-BA88-8BCD-1E502A9D332A}.Debug|Any CPU.Build.0 = Debug|Any CPU
		{48F3409D-192E-BA88-8BCD-1E502A9D332A}.Release|Any CPU.ActiveCfg = Release|Any CPU
		{48F3409D-192E-BA88-8BCD-1E502A9D332A}.Release|Any CPU.Build.0 = Release|Any CPU
		{2FD8B205-CC4D-C5CD-E2E4-FCBDA9663418}.Debug|Any CPU.ActiveCfg = Debug|Any CPU
		{2FD8B205-CC4D-C5CD-E2E4-FCBDA9663418}.Debug|Any CPU.Build.0 = Debug|Any CPU
		{2FD8B205-CC4D-C5CD-E2E4-FCBDA9663418}.Release|Any CPU.ActiveCfg = Release|Any CPU
		{2FD8B205-CC4D-C5CD-E2E4-FCBDA9663418}.Release|Any CPU.Build.0 = Release|Any CPU
		{A0555743-5B8C-2B75-5A3D-2D33370C4826}.Debug|Any CPU.ActiveCfg = Debug|Any CPU
		{A0555743-5B8C-2B75-5A3D-2D33370C4826}.Debug|Any CPU.Build.0 = Debug|Any CPU
		{A0555743-5B8C-2B75-5A3D-2D33370C4826}.Release|Any CPU.ActiveCfg = Release|Any CPU
		{A0555743-5B8C-2B75-5A3D-2D33370C4826}.Release|Any CPU.Build.0 = Release|Any CPU
		{C53D7288-25DA-E5FF-865D-B3A84D9A0499}.Debug|Any CPU.ActiveCfg = Debug|Any CPU
		{C53D7288-25DA-E5FF-865D-B3A84D9A0499}.Debug|Any CPU.Build.0 = Debug|Any CPU
		{C53D7288-25DA-E5FF-865D-B3A84D9A0499}.Release|Any CPU.ActiveCfg = Release|Any CPU
		{C53D7288-25DA-E5FF-865D-B3A84D9A0499}.Release|Any CPU.Build.0 = Release|Any CPU
		{646F9DC1-3995-4397-3CF2-4BFC6F4A983E}.Debug|Any CPU.ActiveCfg = Debug|Any CPU
		{646F9DC1-3995-4397-3CF2-4BFC6F4A983E}.Debug|Any CPU.Build.0 = Debug|Any CPU
		{646F9DC1-3995-4397-3CF2-4BFC6F4A983E}.Release|Any CPU.ActiveCfg = Release|Any CPU
		{646F9DC1-3995-4397-3CF2-4BFC6F4A983E}.Release|Any CPU.Build.0 = Release|Any CPU
		{FFE49D50-3DDC-E5E3-B400-D4BEF7CB4053}.Debug|Any CPU.ActiveCfg = Debug|Any CPU
		{FFE49D50-3DDC-E5E3-B400-D4BEF7CB4053}.Debug|Any CPU.Build.0 = Debug|Any CPU
		{FFE49D50-3DDC-E5E3-B400-D4BEF7CB4053}.Release|Any CPU.ActiveCfg = Release|Any CPU
		{FFE49D50-3DDC-E5E3-B400-D4BEF7CB4053}.Release|Any CPU.Build.0 = Release|Any CPU
		{5F5C565A-06B6-3979-CD1F-2542D0A6F738}.Debug|Any CPU.ActiveCfg = Debug|Any CPU
		{5F5C565A-06B6-3979-CD1F-2542D0A6F738}.Debug|Any CPU.Build.0 = Debug|Any CPU
		{5F5C565A-06B6-3979-CD1F-2542D0A6F738}.Release|Any CPU.ActiveCfg = Release|Any CPU
		{5F5C565A-06B6-3979-CD1F-2542D0A6F738}.Release|Any CPU.Build.0 = Release|Any CPU
		{E8940432-5D1E-F74D-3FAD-261EFBC7E07E}.Debug|Any CPU.ActiveCfg = Debug|Any CPU
		{E8940432-5D1E-F74D-3FAD-261EFBC7E07E}.Debug|Any CPU.Build.0 = Debug|Any CPU
		{E8940432-5D1E-F74D-3FAD-261EFBC7E07E}.Release|Any CPU.ActiveCfg = Release|Any CPU
		{E8940432-5D1E-F74D-3FAD-261EFBC7E07E}.Release|Any CPU.Build.0 = Release|Any CPU
		{C4FE3B83-1F8F-4BF3-FFA6-EAD08E813D0F}.Debug|Any CPU.ActiveCfg = Debug|Any CPU
		{C4FE3B83-1F8F-4BF3-FFA6-EAD08E813D0F}.Debug|Any CPU.Build.0 = Debug|Any CPU
		{C4FE3B83-1F8F-4BF3-FFA6-EAD08E813D0F}.Release|Any CPU.ActiveCfg = Release|Any CPU
		{C4FE3B83-1F8F-4BF3-FFA6-EAD08E813D0F}.Release|Any CPU.Build.0 = Release|Any CPU
		{FB647842-1F67-ECD3-1280-EC370D35D4AC}.Debug|Any CPU.ActiveCfg = Debug|Any CPU
		{FB647842-1F67-ECD3-1280-EC370D35D4AC}.Debug|Any CPU.Build.0 = Debug|Any CPU
		{FB647842-1F67-ECD3-1280-EC370D35D4AC}.Release|Any CPU.ActiveCfg = Release|Any CPU
		{FB647842-1F67-ECD3-1280-EC370D35D4AC}.Release|Any CPU.Build.0 = Release|Any CPU
		{E120EDC4-8549-F8A2-C58B-F843EF3EAF3D}.Debug|Any CPU.ActiveCfg = Debug|Any CPU
		{E120EDC4-8549-F8A2-C58B-F843EF3EAF3D}.Debug|Any CPU.Build.0 = Debug|Any CPU
		{E120EDC4-8549-F8A2-C58B-F843EF3EAF3D}.Release|Any CPU.ActiveCfg = Release|Any CPU
		{E120EDC4-8549-F8A2-C58B-F843EF3EAF3D}.Release|Any CPU.Build.0 = Release|Any CPU
		{84731E2A-0B2C-BEBC-32BA-5ACC25D98259}.Debug|Any CPU.ActiveCfg = Debug|Any CPU
		{84731E2A-0B2C-BEBC-32BA-5ACC25D98259}.Debug|Any CPU.Build.0 = Debug|Any CPU
		{84731E2A-0B2C-BEBC-32BA-5ACC25D98259}.Release|Any CPU.ActiveCfg = Release|Any CPU
		{84731E2A-0B2C-BEBC-32BA-5ACC25D98259}.Release|Any CPU.Build.0 = Release|Any CPU
		{09A89F93-4475-9F21-EFF7-734F8F5F7BA4}.Debug|Any CPU.ActiveCfg = Debug|Any CPU
		{09A89F93-4475-9F21-EFF7-734F8F5F7BA4}.Debug|Any CPU.Build.0 = Debug|Any CPU
		{09A89F93-4475-9F21-EFF7-734F8F5F7BA4}.Release|Any CPU.ActiveCfg = Release|Any CPU
		{09A89F93-4475-9F21-EFF7-734F8F5F7BA4}.Release|Any CPU.Build.0 = Release|Any CPU
		{8B76E799-C6E9-90DC-6360-E4BD1CF24B97}.Debug|Any CPU.ActiveCfg = Debug|Any CPU
		{8B76E799-C6E9-90DC-6360-E4BD1CF24B97}.Debug|Any CPU.Build.0 = Debug|Any CPU
		{8B76E799-C6E9-90DC-6360-E4BD1CF24B97}.Release|Any CPU.ActiveCfg = Release|Any CPU
		{8B76E799-C6E9-90DC-6360-E4BD1CF24B97}.Release|Any CPU.Build.0 = Release|Any CPU
		{F8EE9904-3E0C-3580-2906-9084AC5FD638}.Debug|Any CPU.ActiveCfg = Debug|Any CPU
		{F8EE9904-3E0C-3580-2906-9084AC5FD638}.Debug|Any CPU.Build.0 = Debug|Any CPU
		{F8EE9904-3E0C-3580-2906-9084AC5FD638}.Release|Any CPU.ActiveCfg = Release|Any CPU
		{F8EE9904-3E0C-3580-2906-9084AC5FD638}.Release|Any CPU.Build.0 = Release|Any CPU
	EndGlobalSection
	GlobalSection(SolutionProperties) = preSolution
		HideSolutionNode = FALSE
	EndGlobalSection
EndGlobal
